{
  "nodes": {
    "bashHeader": {
      "inputs": {
        "flake-utils": "flake-utils",
        "nixpkgs": [
          "nixpkgs"
        ]
      },
      "locked": {
        "lastModified": 1720737258,
        "narHash": "sha256-Bd3AHSJD1Ok6p/DRVoKX0PM9Vt0d5YR44Djtp6HjjeE=",
        "owner": "sixears",
        "repo": "bash-header",
        "rev": "7a6e2b23787fc37dc8e48e7a519498cde09b228e",
        "type": "github"
      },
      "original": {
        "owner": "sixears",
        "ref": "r0.0.4.0",
        "repo": "bash-header",
        "type": "github"
      }
    },
    "flake-utils": {
      "locked": {
        "lastModified": 1659877975,
        "narHash": "sha256-zllb8aq3YO3h8B/U0/J1WBgAL8EX5yWf5pMj3G0NAmc=",
        "owner": "numtide",
        "repo": "flake-utils",
        "rev": "c0e246b9b83f637f4681389ecabcb2681b4f3af0",
        "type": "github"
      },
      "original": {
        "owner": "numtide",
        "ref": "c0e246b9",
        "repo": "flake-utils",
        "type": "github"
      }
    },
    "flake-utils_2": {
      "locked": {
        "lastModified": 1659877975,
        "narHash": "sha256-zllb8aq3YO3h8B/U0/J1WBgAL8EX5yWf5pMj3G0NAmc=",
        "owner": "numtide",
        "repo": "flake-utils",
        "rev": "c0e246b9b83f637f4681389ecabcb2681b4f3af0",
        "type": "github"
      },
      "original": {
        "owner": "numtide",
        "ref": "c0e246b9",
        "repo": "flake-utils",
        "type": "github"
      }
    },
    "nixpkgs": {
      "locked": {
        "lastModified": 1718717462,
        "narHash": "sha256-qddfQLMaWR2gxfEzUM/zFZVK6H1kTv9WBQSBQxbP3MU=",
        "owner": "NixOS",
        "repo": "nixpkgs",
        "rev": "938aa157bbd6e3c6fd7dcb77998b1f92c2ad1631",
        "type": "github"
      },
      "original": {
        "owner": "NixOS",
        "ref": "938aa157",
        "repo": "nixpkgs",
        "type": "github"
      }
    },
    "root": {
      "inputs": {
        "bashHeader": "bashHeader",
        "flake-utils": "flake-utils_2",
        "nixpkgs": "nixpkgs"
      }
    }
  },
  "root": "root",
  "version": 7
}
